
Microsoft Visual Studio Solution File, Format Version 12.00
# Visual Studio Version 16
VisualStudioVersion = 16.0.28803.352
MinimumVisualStudioVersion = 10.0.40219.1
Project("{FAE04EC0-301F-11D3-BF4B-00C04F79EFBC}") = "EFCoreApp", "EFCoreApp\EFCoreApp.csproj", "{BA818A6C-8FE4-447D-8CDB-628F2BD5BAD6}"
EndProject
Global
	GlobalSection(SolutionConfigurationPlatforms) = preSolution
		Debug|Any CPU = Debug|Any CPU
		Release|Any CPU = Release|Any CPU
	EndGlobalSection
	GlobalSection(ProjectConfigurationPlatforms) = postSolution
		{BA818A6C-8FE4-447D-8CDB-628F2BD5BAD6}.Debug|Any CPU.ActiveCfg = Debug|Any CPU
		{BA818A6C-8FE4-447D-8CDB-628F2BD5BAD6}.Debug|Any CPU.Build.0 = Debug|Any CPU
		{BA818A6C-8FE4-447D-8CDB-628F2BD5BAD6}.Release|Any CPU.ActiveCfg = Release|Any CPU
		{BA818A6C-8FE4-447D-8CDB-628F2BD5BAD6}.Release|Any CPU.Build.0 = Release|Any CPU
	EndGlobalSection
	GlobalSection(SolutionProperties) = preSolution
		HideSolutionNode = FALSE
	EndGlobalSection
	GlobalSection(ExtensibilityGlobals) = postSolution
		SolutionGuid = {29F68B10-E773-42FF-870C-4C601563A409}
	EndGlobalSection
EndGlobal
